
Microsoft Visual Studio Solution File, Format Version 12.00
# Visual Studio Version 16
VisualStudioVersion = 16.0.31729.503
MinimumVisualStudioVersion = 10.0.40219.1
Project("{FAE04EC0-301F-11D3-BF4B-00C04F79EFBC}") = "Calculator", "Calculator\Calculator.csproj", "{CAF69865-2B1F-488B-B405-873A737BFD1B}"
EndProject
Global
	GlobalSection(SolutionConfigurationPlatforms) = preSolution
		Debug|Any CPU = Debug|Any CPU
		Release|Any CPU = Release|Any CPU
	EndGlobalSection
	GlobalSection(ProjectConfigurationPlatforms) = postSolution
		{CAF69865-2B1F-488B-B405-873A737BFD1B}.Debug|Any CPU.ActiveCfg = Debug|Any CPU
		{CAF69865-2B1F-488B-B405-873A737BFD1B}.Debug|Any CPU.Build.0 = Debug|Any CPU
		{CAF69865-2B1F-488B-B405-873A737BFD1B}.Release|Any CPU.ActiveCfg = Release|Any CPU
		{CAF69865-2B1F-488B-B405-873A737BFD1B}.Release|Any CPU.Build.0 = Release|Any CPU
	EndGlobalSection
	GlobalSection(SolutionProperties) = preSolution
		HideSolutionNode = FALSE
	EndGlobalSection
	GlobalSection(ExtensibilityGlobals) = postSolution
		SolutionGuid = {A2E3BBCD-03E5-4913-A830-39CCAE0C2A88}
	EndGlobalSection
EndGlobal
